// !$*UTF8*$!
{
	archiveVersion = 1;
	classes = {
	};
	objectVersion = 46;
	objects = {

/* Begin PBXBuildFile section */
		60417735137C8C540074CB7E /* glu.h in Headers */ = {isa = PBXBuildFile; fileRef = 6041770C137C8C540074CB7E /* glu.h */; settings = {ATTRIBUTES = (Public, ); }; };
		60417736137C8C540074CB7E /* gluos.h in Headers */ = {isa = PBXBuildFile; fileRef = 6041770D137C8C540074CB7E /* gluos.h */; settings = {ATTRIBUTES = (Public, ); }; };
		60417737137C8C540074CB7E /* glu-iphone.a in Frameworks */ = {isa = PBXBuildFile; fileRef = 60417710137C8C540074CB7E /* glu-iphone.a */; };
		60417738137C8C540074CB7E /* glu.a in Frameworks */ = {isa = PBXBuildFile; fileRef = 60417711137C8C540074CB7E /* glu.a */; };
		60417739137C8C540074CB7E /* ofEAGLView.h in Headers */ = {isa = PBXBuildFile; fileRef = 60417713137C8C540074CB7E /* ofEAGLView.h */; settings = {ATTRIBUTES = (Public, ); }; };
		6041773A137C8C540074CB7E /* ofEAGLView.m in Sources */ = {isa = PBXBuildFile; fileRef = 60417714137C8C540074CB7E /* ofEAGLView.m */; };
		6041773B137C8C540074CB7E /* openFrameworksViewController.h in Headers */ = {isa = PBXBuildFile; fileRef = 60417715137C8C540074CB7E /* openFrameworksViewController.h */; settings = {ATTRIBUTES = (Public, ); }; };
		6041773C137C8C540074CB7E /* openFrameworksViewController.mm in Sources */ = {isa = PBXBuildFile; fileRef = 60417716137C8C540074CB7E /* openFrameworksViewController.mm */; };
		6041773D137C8C540074CB7E /* ofEvents.h in Headers */ = {isa = PBXBuildFile; fileRef = 6041771A137C8C540074CB7E /* ofEvents.h */; settings = {ATTRIBUTES = (Public, ); }; };
		6041773E137C8C540074CB7E /* ofEventUtils.h in Headers */ = {isa = PBXBuildFile; fileRef = 6041771B137C8C540074CB7E /* ofEventUtils.h */; settings = {ATTRIBUTES = (Public, ); }; };
		6041773F137C8C540074CB7E /* ofBitmapFont.cpp in Sources */ = {isa = PBXBuildFile; fileRef = 6041771D137C8C540074CB7E /* ofBitmapFont.cpp */; };
		60417740137C8C540074CB7E /* ofBitmapFont.h in Headers */ = {isa = PBXBuildFile; fileRef = 6041771E137C8C540074CB7E /* ofBitmapFont.h */; settings = {ATTRIBUTES = (Public, ); }; };
		60417741137C8C540074CB7E /* ofGraphics.cpp in Sources */ = {isa = PBXBuildFile; fileRef = 6041771F137C8C540074CB7E /* ofGraphics.cpp */; };
		60417742137C8C540074CB7E /* ofGraphics.h in Headers */ = {isa = PBXBuildFile; fileRef = 60417720137C8C540074CB7E /* ofGraphics.h */; settings = {ATTRIBUTES = (Public, ); }; };
		60417743137C8C540074CB7E /* ofImage.h in Headers */ = {isa = PBXBuildFile; fileRef = 60417721137C8C540074CB7E /* ofImage.h */; settings = {ATTRIBUTES = (Public, ); }; };
		60417744137C8C540074CB7E /* ofImage.mm in Sources */ = {isa = PBXBuildFile; fileRef = 60417722137C8C540074CB7E /* ofImage.mm */; };
		60417745137C8C540074CB7E /* ofTexture.cpp in Sources */ = {isa = PBXBuildFile; fileRef = 60417723137C8C540074CB7E /* ofTexture.cpp */; };
		60417746137C8C540074CB7E /* ofTexture.h in Headers */ = {isa = PBXBuildFile; fileRef = 60417724137C8C540074CB7E /* ofTexture.h */; settings = {ATTRIBUTES = (Public, ); }; };
		60417747137C8C540074CB7E /* ofMain.h in Headers */ = {isa = PBXBuildFile; fileRef = 60417725137C8C540074CB7E /* ofMain.h */; settings = {ATTRIBUTES = (Public, ); }; };
		60417748137C8C540074CB7E /* iOSSoundStream.cpp in Sources */ = {isa = PBXBuildFile; fileRef = 60417727137C8C540074CB7E /* iOSSoundStream.cpp */; };
		60417749137C8C540074CB7E /* iOSSoundStream.h in Headers */ = {isa = PBXBuildFile; fileRef = 60417728137C8C540074CB7E /* iOSSoundStream.h */; settings = {ATTRIBUTES = (); }; };
		6041774A137C8C540074CB7E /* ofSoundPlayer.h in Headers */ = {isa = PBXBuildFile; fileRef = 60417729137C8C540074CB7E /* ofSoundPlayer.h */; settings = {ATTRIBUTES = (Public, ); }; };
		6041774B137C8C540074CB7E /* ofSoundPlayer.mm in Sources */ = {isa = PBXBuildFile; fileRef = 6041772A137C8C540074CB7E /* ofSoundPlayer.mm */; };
		6041774C137C8C540074CB7E /* ofSoundStream.h in Headers */ = {isa = PBXBuildFile; fileRef = 6041772B137C8C540074CB7E /* ofSoundStream.h */; settings = {ATTRIBUTES = (Public, ); }; };
		6041774D137C8C540074CB7E /* ofSoundStream.mm in Sources */ = {isa = PBXBuildFile; fileRef = 6041772C137C8C540074CB7E /* ofSoundStream.mm */; };
		6041774E137C8C540074CB7E /* ofConstants.h in Headers */ = {isa = PBXBuildFile; fileRef = 6041772E137C8C540074CB7E /* ofConstants.h */; settings = {ATTRIBUTES = (Public, ); }; };
		6041774F137C8C540074CB7E /* ofMath.cpp in Sources */ = {isa = PBXBuildFile; fileRef = 6041772F137C8C540074CB7E /* ofMath.cpp */; };
		60417750137C8C540074CB7E /* ofMath.h in Headers */ = {isa = PBXBuildFile; fileRef = 60417730137C8C540074CB7E /* ofMath.h */; settings = {ATTRIBUTES = (Public, ); }; };
		60417751137C8C540074CB7E /* ofNoise.h in Headers */ = {isa = PBXBuildFile; fileRef = 60417731137C8C540074CB7E /* ofNoise.h */; settings = {ATTRIBUTES = (Public, ); }; };
		60417752137C8C540074CB7E /* ofTypes.h in Headers */ = {isa = PBXBuildFile; fileRef = 60417732137C8C540074CB7E /* ofTypes.h */; settings = {ATTRIBUTES = (Public, ); }; };
		60417753137C8C540074CB7E /* ofUtils.h in Headers */ = {isa = PBXBuildFile; fileRef = 60417733137C8C540074CB7E /* ofUtils.h */; settings = {ATTRIBUTES = (Public, ); }; };
		60417754137C8C540074CB7E /* ofUtils.mm in Sources */ = {isa = PBXBuildFile; fileRef = 60417734137C8C540074CB7E /* ofUtils.mm */; };
		AA747D9F0F9514B9006C5449 /* ofxUIKit_Prefix.pch in Headers */ = {isa = PBXBuildFile; fileRef = AA747D9E0F9514B9006C5449 /* ofxUIKit_Prefix.pch */; };
		AACBBE4A0F95108600F1A2B1 /* Foundation.framework in Frameworks */ = {isa = PBXBuildFile; fileRef = AACBBE490F95108600F1A2B1 /* Foundation.framework */; };
/* End PBXBuildFile section */

/* Begin PBXFileReference section */
		6041770C137C8C540074CB7E /* glu.h */ = {isa = PBXFileReference; fileEncoding = 4; lastKnownFileType = sourcecode.c.h; path = glu.h; sourceTree = "<group>"; };
		6041770D137C8C540074CB7E /* gluos.h */ = {isa = PBXFileReference; fileEncoding = 4; lastKnownFileType = sourcecode.c.h; path = gluos.h; sourceTree = "<group>"; };
		60417710137C8C540074CB7E /* glu-iphone.a */ = {isa = PBXFileReference; lastKnownFileType = archive.ar; path = "glu-iphone.a"; sourceTree = "<group>"; };
		60417711137C8C540074CB7E /* glu.a */ = {isa = PBXFileReference; lastKnownFileType = archive.ar; path = glu.a; sourceTree = "<group>"; };
		60417713137C8C540074CB7E /* ofEAGLView.h */ = {isa = PBXFileReference; fileEncoding = 4; lastKnownFileType = sourcecode.c.h; path = ofEAGLView.h; sourceTree = "<group>"; };
		60417714137C8C540074CB7E /* ofEAGLView.m */ = {isa = PBXFileReference; fileEncoding = 4; lastKnownFileType = sourcecode.c.objc; path = ofEAGLView.m; sourceTree = "<group>"; };
		60417715137C8C540074CB7E /* openFrameworksViewController.h */ = {isa = PBXFileReference; fileEncoding = 4; lastKnownFileType = sourcecode.c.h; path = openFrameworksViewController.h; sourceTree = "<group>"; };
		60417716137C8C540074CB7E /* openFrameworksViewController.mm */ = {isa = PBXFileReference; fileEncoding = 4; lastKnownFileType = sourcecode.cpp.objcpp; path = openFrameworksViewController.mm; sourceTree = "<group>"; };
		6041771A137C8C540074CB7E /* ofEvents.h */ = {isa = PBXFileReference; fileEncoding = 4; lastKnownFileType = sourcecode.c.h; path = ofEvents.h; sourceTree = "<group>"; };
		6041771B137C8C540074CB7E /* ofEventUtils.h */ = {isa = PBXFileReference; fileEncoding = 4; lastKnownFileType = sourcecode.c.h; path = ofEventUtils.h; sourceTree = "<group>"; };
		6041771D137C8C540074CB7E /* ofBitmapFont.cpp */ = {isa = PBXFileReference; fileEncoding = 4; lastKnownFileType = sourcecode.cpp.cpp; path = ofBitmapFont.cpp; sourceTree = "<group>"; };
		6041771E137C8C540074CB7E /* ofBitmapFont.h */ = {isa = PBXFileReference; fileEncoding = 4; lastKnownFileType = sourcecode.c.h; path = ofBitmapFont.h; sourceTree = "<group>"; };
		6041771F137C8C540074CB7E /* ofGraphics.cpp */ = {isa = PBXFileReference; fileEncoding = 4; lastKnownFileType = sourcecode.cpp.cpp; path = ofGraphics.cpp; sourceTree = "<group>"; };
		60417720137C8C540074CB7E /* ofGraphics.h */ = {isa = PBXFileReference; fileEncoding = 4; lastKnownFileType = sourcecode.c.h; path = ofGraphics.h; sourceTree = "<group>"; };
		60417721137C8C540074CB7E /* ofImage.h */ = {isa = PBXFileReference; fileEncoding = 4; lastKnownFileType = sourcecode.c.h; path = ofImage.h; sourceTree = "<group>"; };
		60417722137C8C540074CB7E /* ofImage.mm */ = {isa = PBXFileReference; fileEncoding = 4; lastKnownFileType = sourcecode.cpp.objcpp; path = ofImage.mm; sourceTree = "<group>"; };
		60417723137C8C540074CB7E /* ofTexture.cpp */ = {isa = PBXFileReference; fileEncoding = 4; lastKnownFileType = sourcecode.cpp.cpp; path = ofTexture.cpp; sourceTree = "<group>"; };
		60417724137C8C540074CB7E /* ofTexture.h */ = {isa = PBXFileReference; fileEncoding = 4; lastKnownFileType = sourcecode.c.h; path = ofTexture.h; sourceTree = "<group>"; };
		60417725137C8C540074CB7E /* ofMain.h */ = {isa = PBXFileReference; fileEncoding = 4; lastKnownFileType = sourcecode.c.h; path = ofMain.h; sourceTree = "<group>"; };
		60417727137C8C540074CB7E /* iOSSoundStream.cpp */ = {isa = PBXFileReference; fileEncoding = 4; lastKnownFileType = sourcecode.cpp.cpp; path = iOSSoundStream.cpp; sourceTree = "<group>"; };
		60417728137C8C540074CB7E /* iOSSoundStream.h */ = {isa = PBXFileReference; fileEncoding = 4; lastKnownFileType = sourcecode.c.h; path = iOSSoundStream.h; sourceTree = "<group>"; };
		60417729137C8C540074CB7E /* ofSoundPlayer.h */ = {isa = PBXFileReference; fileEncoding = 4; lastKnownFileType = sourcecode.c.h; path = ofSoundPlayer.h; sourceTree = "<group>"; };
		6041772A137C8C540074CB7E /* ofSoundPlayer.mm */ = {isa = PBXFileReference; fileEncoding = 4; lastKnownFileType = sourcecode.cpp.objcpp; path = ofSoundPlayer.mm; sourceTree = "<group>"; };
		6041772B137C8C540074CB7E /* ofSoundStream.h */ = {isa = PBXFileReference; fileEncoding = 4; lastKnownFileType = sourcecode.c.h; path = ofSoundStream.h; sourceTree = "<group>"; };
		6041772C137C8C540074CB7E /* ofSoundStream.mm */ = {isa = PBXFileReference; fileEncoding = 4; lastKnownFileType = sourcecode.cpp.objcpp; path = ofSoundStream.mm; sourceTree = "<group>"; };
		6041772E137C8C540074CB7E /* ofConstants.h */ = {isa = PBXFileReference; fileEncoding = 4; lastKnownFileType = sourcecode.c.h; path = ofConstants.h; sourceTree = "<group>"; };
		6041772F137C8C540074CB7E /* ofMath.cpp */ = {isa = PBXFileReference; fileEncoding = 4; lastKnownFileType = sourcecode.cpp.cpp; path = ofMath.cpp; sourceTree = "<group>"; };
		60417730137C8C540074CB7E /* ofMath.h */ = {isa = PBXFileReference; fileEncoding = 4; lastKnownFileType = sourcecode.c.h; path = ofMath.h; sourceTree = "<group>"; };
		60417731137C8C540074CB7E /* ofNoise.h */ = {isa = PBXFileReference; fileEncoding = 4; lastKnownFileType = sourcecode.c.h; path = ofNoise.h; sourceTree = "<group>"; };
		60417732137C8C540074CB7E /* ofTypes.h */ = {isa = PBXFileReference; fileEncoding = 4; lastKnownFileType = sourcecode.c.h; path = ofTypes.h; sourceTree = "<group>"; };
		60417733137C8C540074CB7E /* ofUtils.h */ = {isa = PBXFileReference; fileEncoding = 4; lastKnownFileType = sourcecode.c.h; path = ofUtils.h; sourceTree = "<group>"; };
		60417734137C8C540074CB7E /* ofUtils.mm */ = {isa = PBXFileReference; fileEncoding = 4; lastKnownFileType = sourcecode.cpp.objcpp; path = ofUtils.mm; sourceTree = "<group>"; };
		AA747D9E0F9514B9006C5449 /* ofxUIKit_Prefix.pch */ = {isa = PBXFileReference; fileEncoding = 4; lastKnownFileType = sourcecode.c.h; path = ofxUIKit_Prefix.pch; sourceTree = "<group>"; };
		AACBBE490F95108600F1A2B1 /* Foundation.framework */ = {isa = PBXFileReference; lastKnownFileType = wrapper.framework; name = Foundation.framework; path = System/Library/Frameworks/Foundation.framework; sourceTree = SDKROOT; };
		D2AAC07E0554694100DB518D /* ofxUIKit.a */ = {isa = PBXFileReference; explicitFileType = archive.ar; includeInIndex = 0; path = ofxUIKit.a; sourceTree = BUILT_PRODUCTS_DIR; };
/* End PBXFileReference section */

/* Begin PBXFrameworksBuildPhase section */
		D2AAC07C0554694100DB518D /* Frameworks */ = {
			isa = PBXFrameworksBuildPhase;
			buildActionMask = 2147483647;
			files = (
				AACBBE4A0F95108600F1A2B1 /* Foundation.framework in Frameworks */,
				60417737137C8C540074CB7E /* glu-iphone.a in Frameworks */,
				60417738137C8C540074CB7E /* glu.a in Frameworks */,
			);
			runOnlyForDeploymentPostprocessing = 0;
		};
/* End PBXFrameworksBuildPhase section */

/* Begin PBXGroup section */
		034768DFFF38A50411DB9C8B /* Products */ = {
			isa = PBXGroup;
			children = (
				D2AAC07E0554694100DB518D /* ofxUIKit.a */,
			);
			name = Products;
			sourceTree = "<group>";
		};
		0867D691FE84028FC02AAC07 /* UIKit+openFrameworks */ = {
			isa = PBXGroup;
			children = (
				60417709137C8C540074CB7E /* Source */,
				32C88DFF0371C24200C91783 /* Other Sources */,
				0867D69AFE84028FC02AAC07 /* Frameworks */,
				034768DFFF38A50411DB9C8B /* Products */,
			);
			name = "UIKit+openFrameworks";
			sourceTree = "<group>";
		};
		0867D69AFE84028FC02AAC07 /* Frameworks */ = {
			isa = PBXGroup;
			children = (
				AACBBE490F95108600F1A2B1 /* Foundation.framework */,
			);
			name = Frameworks;
			sourceTree = "<group>";
		};
		32C88DFF0371C24200C91783 /* Other Sources */ = {
			isa = PBXGroup;
			children = (
				AA747D9E0F9514B9006C5449 /* ofxUIKit_Prefix.pch */,
			);
			name = "Other Sources";
			sourceTree = "<group>";
		};
		60417709137C8C540074CB7E /* Source */ = {
			isa = PBXGroup;
			children = (
				6041770A137C8C540074CB7E /* glu */,
				60417712137C8C540074CB7E /* ofxUIKit */,
				60417717137C8C540074CB7E /* openFrameworks */,
			);
			path = Source;
			sourceTree = "<group>";
		};
		6041770A137C8C540074CB7E /* glu */ = {
			isa = PBXGroup;
			children = (
				6041770B137C8C540074CB7E /* include_iphone */,
				6041770E137C8C540074CB7E /* lib */,
			);
			path = glu;
			sourceTree = "<group>";
		};
		6041770B137C8C540074CB7E /* include_iphone */ = {
			isa = PBXGroup;
			children = (
				6041770C137C8C540074CB7E /* glu.h */,
				6041770D137C8C540074CB7E /* gluos.h */,
			);
			path = include_iphone;
			sourceTree = "<group>";
		};
		6041770E137C8C540074CB7E /* lib */ = {
			isa = PBXGroup;
			children = (
				6041770F137C8C540074CB7E /* iphone */,
			);
			path = lib;
			sourceTree = "<group>";
		};
		6041770F137C8C540074CB7E /* iphone */ = {
			isa = PBXGroup;
			children = (
				60417710137C8C540074CB7E /* glu-iphone.a */,
				60417711137C8C540074CB7E /* glu.a */,
			);
			path = iphone;
			sourceTree = "<group>";
		};
		60417712137C8C540074CB7E /* ofxUIKit */ = {
			isa = PBXGroup;
			children = (
				60417713137C8C540074CB7E /* ofEAGLView.h */,
				60417714137C8C540074CB7E /* ofEAGLView.m */,
				60417715137C8C540074CB7E /* openFrameworksViewController.h */,
				60417716137C8C540074CB7E /* openFrameworksViewController.mm */,
			);
			path = ofxUIKit;
			sourceTree = "<group>";
		};
		60417717137C8C540074CB7E /* openFrameworks */ = {
			isa = PBXGroup;
			children = (
				60417718137C8C540074CB7E /* app */,
				60417719137C8C540074CB7E /* events */,
				6041771C137C8C540074CB7E /* graphics */,
				60417725137C8C540074CB7E /* ofMain.h */,
				60417726137C8C540074CB7E /* sound */,
				6041772D137C8C540074CB7E /* utils */,
			);
			path = openFrameworks;
			sourceTree = "<group>";
		};
		60417718137C8C540074CB7E /* app */ = {
			isa = PBXGroup;
			children = (
			);
			path = app;
			sourceTree = "<group>";
		};
		60417719137C8C540074CB7E /* events */ = {
			isa = PBXGroup;
			children = (
				6041771A137C8C540074CB7E /* ofEvents.h */,
				6041771B137C8C540074CB7E /* ofEventUtils.h */,
			);
			path = events;
			sourceTree = "<group>";
		};
		6041771C137C8C540074CB7E /* graphics */ = {
			isa = PBXGroup;
			children = (
				6041771D137C8C540074CB7E /* ofBitmapFont.cpp */,
				6041771E137C8C540074CB7E /* ofBitmapFont.h */,
				6041771F137C8C540074CB7E /* ofGraphics.cpp */,
				60417720137C8C540074CB7E /* ofGraphics.h */,
				60417721137C8C540074CB7E /* ofImage.h */,
				60417722137C8C540074CB7E /* ofImage.mm */,
				60417723137C8C540074CB7E /* ofTexture.cpp */,
				60417724137C8C540074CB7E /* ofTexture.h */,
			);
			path = graphics;
			sourceTree = "<group>";
		};
		60417726137C8C540074CB7E /* sound */ = {
			isa = PBXGroup;
			children = (
				60417727137C8C540074CB7E /* iOSSoundStream.cpp */,
				60417728137C8C540074CB7E /* iOSSoundStream.h */,
				60417729137C8C540074CB7E /* ofSoundPlayer.h */,
				6041772A137C8C540074CB7E /* ofSoundPlayer.mm */,
				6041772B137C8C540074CB7E /* ofSoundStream.h */,
				6041772C137C8C540074CB7E /* ofSoundStream.mm */,
			);
			path = sound;
			sourceTree = "<group>";
		};
		6041772D137C8C540074CB7E /* utils */ = {
			isa = PBXGroup;
			children = (
				6041772E137C8C540074CB7E /* ofConstants.h */,
				6041772F137C8C540074CB7E /* ofMath.cpp */,
				60417730137C8C540074CB7E /* ofMath.h */,
				60417731137C8C540074CB7E /* ofNoise.h */,
				60417732137C8C540074CB7E /* ofTypes.h */,
				60417733137C8C540074CB7E /* ofUtils.h */,
				60417734137C8C540074CB7E /* ofUtils.mm */,
			);
			path = utils;
			sourceTree = "<group>";
		};
/* End PBXGroup section */

/* Begin PBXHeadersBuildPhase section */
		D2AAC07A0554694100DB518D /* Headers */ = {
			isa = PBXHeadersBuildPhase;
			buildActionMask = 2147483647;
			files = (
				AA747D9F0F9514B9006C5449 /* ofxUIKit_Prefix.pch in Headers */,
				60417735137C8C540074CB7E /* glu.h in Headers */,
				60417736137C8C540074CB7E /* gluos.h in Headers */,
				60417739137C8C540074CB7E /* ofEAGLView.h in Headers */,
				6041773B137C8C540074CB7E /* openFrameworksViewController.h in Headers */,
				6041773D137C8C540074CB7E /* ofEvents.h in Headers */,
				6041773E137C8C540074CB7E /* ofEventUtils.h in Headers */,
				60417740137C8C540074CB7E /* ofBitmapFont.h in Headers */,
				60417742137C8C540074CB7E /* ofGraphics.h in Headers */,
				60417743137C8C540074CB7E /* ofImage.h in Headers */,
				60417746137C8C540074CB7E /* ofTexture.h in Headers */,
				60417747137C8C540074CB7E /* ofMain.h in Headers */,
				60417749137C8C540074CB7E /* iOSSoundStream.h in Headers */,
				6041774A137C8C540074CB7E /* ofSoundPlayer.h in Headers */,
				6041774C137C8C540074CB7E /* ofSoundStream.h in Headers */,
				6041774E137C8C540074CB7E /* ofConstants.h in Headers */,
				60417750137C8C540074CB7E /* ofMath.h in Headers */,
				60417751137C8C540074CB7E /* ofNoise.h in Headers */,
				60417752137C8C540074CB7E /* ofTypes.h in Headers */,
				60417753137C8C540074CB7E /* ofUtils.h in Headers */,
			);
			runOnlyForDeploymentPostprocessing = 0;
		};
/* End PBXHeadersBuildPhase section */

/* Begin PBXNativeTarget section */
		D2AAC07D0554694100DB518D /* ofxUIKit */ = {
			isa = PBXNativeTarget;
			buildConfigurationList = 1DEB921E08733DC00010E9CD /* Build configuration list for PBXNativeTarget "ofxUIKit" */;
			buildPhases = (
				D2AAC07A0554694100DB518D /* Headers */,
				D2AAC07B0554694100DB518D /* Sources */,
				D2AAC07C0554694100DB518D /* Frameworks */,
			);
			buildRules = (
			);
			dependencies = (
			);
			name = ofxUIKit;
			productName = "UIKit+openFrameworks";
			productReference = D2AAC07E0554694100DB518D /* ofxUIKit.a */;
			productType = "com.apple.product-type.library.static";
		};
/* End PBXNativeTarget section */

/* Begin PBXProject section */
		0867D690FE84028FC02AAC07 /* Project object */ = {
			isa = PBXProject;
			buildConfigurationList = 1DEB922208733DC00010E9CD /* Build configuration list for PBXProject "ofxUIKit" */;
			compatibilityVersion = "Xcode 3.2";
			developmentRegion = English;
			hasScannedForEncodings = 1;
			knownRegions = (
				English,
				Japanese,
				French,
				German,
			);
			mainGroup = 0867D691FE84028FC02AAC07 /* UIKit+openFrameworks */;
			productRefGroup = 034768DFFF38A50411DB9C8B /* Products */;
			projectDirPath = "";
			projectRoot = "";
			targets = (
				D2AAC07D0554694100DB518D /* ofxUIKit */,
			);
		};
/* End PBXProject section */

/* Begin PBXSourcesBuildPhase section */
		D2AAC07B0554694100DB518D /* Sources */ = {
			isa = PBXSourcesBuildPhase;
			buildActionMask = 2147483647;
			files = (
				6041773A137C8C540074CB7E /* ofEAGLView.m in Sources */,
				6041773C137C8C540074CB7E /* openFrameworksViewController.mm in Sources */,
				6041773F137C8C540074CB7E /* ofBitmapFont.cpp in Sources */,
				60417741137C8C540074CB7E /* ofGraphics.cpp in Sources */,
				60417744137C8C540074CB7E /* ofImage.mm in Sources */,
				60417745137C8C540074CB7E /* ofTexture.cpp in Sources */,
				60417748137C8C540074CB7E /* iOSSoundStream.cpp in Sources */,
				6041774B137C8C540074CB7E /* ofSoundPlayer.mm in Sources */,
				6041774D137C8C540074CB7E /* ofSoundStream.mm in Sources */,
				6041774F137C8C540074CB7E /* ofMath.cpp in Sources */,
				60417754137C8C540074CB7E /* ofUtils.mm in Sources */,
			);
			runOnlyForDeploymentPostprocessing = 0;
		};
/* End PBXSourcesBuildPhase section */

/* Begin XCBuildConfiguration section */
		1DEB921F08733DC00010E9CD /* Debug */ = {
			isa = XCBuildConfiguration;
			buildSettings = {
				ALWAYS_SEARCH_USER_PATHS = NO;
				ARCHS = "$(ARCHS_STANDARD_32_BIT)";
				COPY_PHASE_STRIP = NO;
				EXECUTABLE_PREFIX = "";
				GCC_AUTO_VECTORIZATION = YES;
				GCC_DYNAMIC_NO_PIC = NO;
				GCC_ENABLE_FIX_AND_CONTINUE = YES;
				GCC_MODEL_TUNING = G5;
				GCC_OPTIMIZATION_LEVEL = s;
				GCC_PRECOMPILE_PREFIX_HEADER = YES;
				GCC_PREFIX_HEADER = ofxUIKit_Prefix.pch;
				GCC_THUMB_SUPPORT = NO;
				LIBRARY_SEARCH_PATHS = (
					"$(inherited)",
					"\"$(SRCROOT)/Library/glu/lib/iphone\"",
					"\"$(SRCROOT)/Source/glu/lib/iphone\"",
				);
				PRODUCT_NAME = ofxUIKit;
				PUBLIC_HEADERS_FOLDER_PATH = ../../Products/include;
			};
			name = Debug;
		};
		1DEB922008733DC00010E9CD /* Release */ = {
			isa = XCBuildConfiguration;
			buildSettings = {
				ALWAYS_SEARCH_USER_PATHS = NO;
				ARCHS = "$(ARCHS_STANDARD_32_BIT)";
				EXECUTABLE_PREFIX = "";
				GCC_AUTO_VECTORIZATION = YES;
				GCC_MODEL_TUNING = G5;
				GCC_OPTIMIZATION_LEVEL = 3;
				GCC_PRECOMPILE_PREFIX_HEADER = YES;
				GCC_PREFIX_HEADER = ofxUIKit_Prefix.pch;
				GCC_THUMB_SUPPORT = NO;
				LIBRARY_SEARCH_PATHS = (
					"$(inherited)",
					"\"$(SRCROOT)/Library/glu/lib/iphone\"",
					"\"$(SRCROOT)/Source/glu/lib/iphone\"",
				);
				PRODUCT_NAME = ofxUIKit;
				PUBLIC_HEADERS_FOLDER_PATH = ../../Products/include;
			};
			name = Release;
		};
		1DEB922308733DC00010E9CD /* Debug */ = {
			isa = XCBuildConfiguration;
			buildSettings = {
				ARCHS = "$(ARCHS_STANDARD_32_BIT)";
				GCC_C_LANGUAGE_STANDARD = c99;
				GCC_OPTIMIZATION_LEVEL = 0;
				GCC_WARN_ABOUT_RETURN_TYPE = YES;
				GCC_WARN_UNUSED_VARIABLE = YES;
				OTHER_LDFLAGS = "-ObjC";
				PREBINDING = NO;
				SDKROOT = iphoneos;
			};
			name = Debug;
		};
		1DEB922408733DC00010E9CD /* Release */ = {
			isa = XCBuildConfiguration;
			buildSettings = {
				ARCHS = "$(ARCHS_STANDARD_32_BIT)";
				GCC_C_LANGUAGE_STANDARD = c99;
				GCC_WARN_ABOUT_RETURN_TYPE = YES;
				GCC_WARN_UNUSED_VARIABLE = YES;
				OTHER_LDFLAGS = "-ObjC";
				PREBINDING = NO;
				SDKROOT = iphoneos;
			};
			name = Release;
		};
/* End XCBuildConfiguration section */

/* Begin XCConfigurationList section */
		1DEB921E08733DC00010E9CD /* Build configuration list for PBXNativeTarget "ofxUIKit" */ = {
			isa = XCConfigurationList;
			buildConfigurations = (
				1DEB921F08733DC00010E9CD /* Debug */,
				1DEB922008733DC00010E9CD /* Release */,
			);
			defaultConfigurationIsVisible = 0;
			defaultConfigurationName = Release;
		};
		1DEB922208733DC00010E9CD /* Build configuration list for PBXProject "ofxUIKit" */ = {
			isa = XCConfigurationList;
			buildConfigurations = (
				1DEB922308733DC00010E9CD /* Debug */,
				1DEB922408733DC00010E9CD /* Release */,
			);
			defaultConfigurationIsVisible = 0;
			defaultConfigurationName = Release;
		};
/* End XCConfigurationList section */
	};
	rootObject = 0867D690FE84028FC02AAC07 /* Project object */;
}
